// !$*UTF8*$!
{
	archiveVersion = 1;
	classes = {
	};
	objectVersion = 46;
	objects = {

/* Begin PBXBuildFile section */
		B556884C1CFD8A3700030D5C /* AppDelegate.swift in Sources */ = {isa = PBXBuildFile; fileRef = B556884B1CFD8A3700030D5C /* AppDelegate.swift */; };
		B556884E1CFD8A3700030D5C /* ViewController.swift in Sources */ = {isa = PBXBuildFile; fileRef = B556884D1CFD8A3700030D5C /* ViewController.swift */; };
		B55688511CFD8A3700030D5C /* Main.storyboard in Resources */ = {isa = PBXBuildFile; fileRef = B556884F1CFD8A3700030D5C /* Main.storyboard */; };
		B55688531CFD8A3700030D5C /* Assets.xcassets in Resources */ = {isa = PBXBuildFile; fileRef = B55688521CFD8A3700030D5C /* Assets.xcassets */; };
		B55688561CFD8A3700030D5C /* LaunchScreen.storyboard in Resources */ = {isa = PBXBuildFile; fileRef = B55688541CFD8A3700030D5C /* LaunchScreen.storyboard */; };
		B55688611CFD8A3700030D5C /* PacktagTests.swift in Sources */ = {isa = PBXBuildFile; fileRef = B55688601CFD8A3700030D5C /* PacktagTests.swift */; };
		B556886C1CFD8A3700030D5C /* PacktagUITests.swift in Sources */ = {isa = PBXBuildFile; fileRef = B556886B1CFD8A3700030D5C /* PacktagUITests.swift */; };
		CF21F11CF0BAEB8D8A2F4184 /* Pods_Packtag.framework in Frameworks */ = {isa = PBXBuildFile; fileRef = 6A4EABC3D0B52883061E866B /* Pods_Packtag.framework */; };
/* End PBXBuildFile section */

/* Begin PBXContainerItemProxy section */
		B556885D1CFD8A3700030D5C /* PBXContainerItemProxy */ = {
			isa = PBXContainerItemProxy;
			containerPortal = B55688401CFD8A3700030D5C /* Project object */;
			proxyType = 1;
			remoteGlobalIDString = B55688471CFD8A3700030D5C;
			remoteInfo = Packtag;
		};
		B55688681CFD8A3700030D5C /* PBXContainerItemProxy */ = {
			isa = PBXContainerItemProxy;
			containerPortal = B55688401CFD8A3700030D5C /* Project object */;
			proxyType = 1;
			remoteGlobalIDString = B55688471CFD8A3700030D5C;
			remoteInfo = Packtag;
		};
/* End PBXContainerItemProxy section */

/* Begin PBXFileReference section */
		6A4EABC3D0B52883061E866B /* Pods_Packtag.framework */ = {isa = PBXFileReference; explicitFileType = wrapper.framework; includeInIndex = 0; path = Pods_Packtag.framework; sourceTree = BUILT_PRODUCTS_DIR; };
		6F19B406920AC3675AB1E477 /* Pods-Packtag.debug.xcconfig */ = {isa = PBXFileReference; includeInIndex = 1; lastKnownFileType = text.xcconfig; name = "Pods-Packtag.debug.xcconfig"; path = "Pods/Target Support Files/Pods-Packtag/Pods-Packtag.debug.xcconfig"; sourceTree = "<group>"; };
		77B822E95E4D8708C03552ED /* Pods-Packtag.release.xcconfig */ = {isa = PBXFileReference; includeInIndex = 1; lastKnownFileType = text.xcconfig; name = "Pods-Packtag.release.xcconfig"; path = "Pods/Target Support Files/Pods-Packtag/Pods-Packtag.release.xcconfig"; sourceTree = "<group>"; };
		B55688481CFD8A3700030D5C /* Packtag.app */ = {isa = PBXFileReference; explicitFileType = wrapper.application; includeInIndex = 0; path = Packtag.app; sourceTree = BUILT_PRODUCTS_DIR; };
		B556884B1CFD8A3700030D5C /* AppDelegate.swift */ = {isa = PBXFileReference; lastKnownFileType = sourcecode.swift; path = AppDelegate.swift; sourceTree = "<group>"; };
		B556884D1CFD8A3700030D5C /* ViewController.swift */ = {isa = PBXFileReference; lastKnownFileType = sourcecode.swift; path = ViewController.swift; sourceTree = "<group>"; };
		B55688501CFD8A3700030D5C /* Base */ = {isa = PBXFileReference; lastKnownFileType = file.storyboard; name = Base; path = Base.lproj/Main.storyboard; sourceTree = "<group>"; };
		B55688521CFD8A3700030D5C /* Assets.xcassets */ = {isa = PBXFileReference; lastKnownFileType = folder.assetcatalog; path = Assets.xcassets; sourceTree = "<group>"; };
		B55688551CFD8A3700030D5C /* Base */ = {isa = PBXFileReference; lastKnownFileType = file.storyboard; name = Base; path = Base.lproj/LaunchScreen.storyboard; sourceTree = "<group>"; };
		B55688571CFD8A3700030D5C /* Info.plist */ = {isa = PBXFileReference; lastKnownFileType = text.plist.xml; path = Info.plist; sourceTree = "<group>"; };
		B556885C1CFD8A3700030D5C /* PacktagTests.xctest */ = {isa = PBXFileReference; explicitFileType = wrapper.cfbundle; includeInIndex = 0; path = PacktagTests.xctest; sourceTree = BUILT_PRODUCTS_DIR; };
		B55688601CFD8A3700030D5C /* PacktagTests.swift */ = {isa = PBXFileReference; lastKnownFileType = sourcecode.swift; path = PacktagTests.swift; sourceTree = "<group>"; };
		B55688621CFD8A3700030D5C /* Info.plist */ = {isa = PBXFileReference; lastKnownFileType = text.plist.xml; path = Info.plist; sourceTree = "<group>"; };
		B55688671CFD8A3700030D5C /* PacktagUITests.xctest */ = {isa = PBXFileReference; explicitFileType = wrapper.cfbundle; includeInIndex = 0; path = PacktagUITests.xctest; sourceTree = BUILT_PRODUCTS_DIR; };
		B556886B1CFD8A3700030D5C /* PacktagUITests.swift */ = {isa = PBXFileReference; lastKnownFileType = sourcecode.swift; path = PacktagUITests.swift; sourceTree = "<group>"; };
		B556886D1CFD8A3700030D5C /* Info.plist */ = {isa = PBXFileReference; lastKnownFileType = text.plist.xml; path = Info.plist; sourceTree = "<group>"; };
/* End PBXFileReference section */

/* Begin PBXFrameworksBuildPhase section */
		B55688451CFD8A3700030D5C /* Frameworks */ = {
			isa = PBXFrameworksBuildPhase;
			buildActionMask = 2147483647;
			files = (
				CF21F11CF0BAEB8D8A2F4184 /* Pods_Packtag.framework in Frameworks */,
			);
			runOnlyForDeploymentPostprocessing = 0;
		};
		B55688591CFD8A3700030D5C /* Frameworks */ = {
			isa = PBXFrameworksBuildPhase;
			buildActionMask = 2147483647;
			files = (
			);
			runOnlyForDeploymentPostprocessing = 0;
		};
		B55688641CFD8A3700030D5C /* Frameworks */ = {
			isa = PBXFrameworksBuildPhase;
			buildActionMask = 2147483647;
			files = (
			);
			runOnlyForDeploymentPostprocessing = 0;
		};
/* End PBXFrameworksBuildPhase section */

/* Begin PBXGroup section */
		6DA4CA6C57B58ACD77F1AC49 /* Frameworks */ = {
			isa = PBXGroup;
			children = (
				6A4EABC3D0B52883061E866B /* Pods_Packtag.framework */,
			);
			name = Frameworks;
			sourceTree = "<group>";
		};
		ACEE5FC99EA2087DE4C27A6F /* Pods */ = {
			isa = PBXGroup;
			children = (
				6F19B406920AC3675AB1E477 /* Pods-Packtag.debug.xcconfig */,
				77B822E95E4D8708C03552ED /* Pods-Packtag.release.xcconfig */,
			);
			name = Pods;
			sourceTree = "<group>";
		};
		B556883F1CFD8A3700030D5C = {
			isa = PBXGroup;
			children = (
				B556884A1CFD8A3700030D5C /* Packtag */,
				B556885F1CFD8A3700030D5C /* PacktagTests */,
				B556886A1CFD8A3700030D5C /* PacktagUITests */,
				B55688491CFD8A3700030D5C /* Products */,
				ACEE5FC99EA2087DE4C27A6F /* Pods */,
				6DA4CA6C57B58ACD77F1AC49 /* Frameworks */,
			);
			sourceTree = "<group>";
		};
		B55688491CFD8A3700030D5C /* Products */ = {
			isa = PBXGroup;
			children = (
				B55688481CFD8A3700030D5C /* Packtag.app */,
				B556885C1CFD8A3700030D5C /* PacktagTests.xctest */,
				B55688671CFD8A3700030D5C /* PacktagUITests.xctest */,
			);
			name = Products;
			sourceTree = "<group>";
		};
		B556884A1CFD8A3700030D5C /* Packtag */ = {
			isa = PBXGroup;
			children = (
				B556884B1CFD8A3700030D5C /* AppDelegate.swift */,
				B556884D1CFD8A3700030D5C /* ViewController.swift */,
				B556884F1CFD8A3700030D5C /* Main.storyboard */,
				B55688521CFD8A3700030D5C /* Assets.xcassets */,
				B55688541CFD8A3700030D5C /* LaunchScreen.storyboard */,
				B55688571CFD8A3700030D5C /* Info.plist */,
			);
			path = Packtag;
			sourceTree = "<group>";
		};
		B556885F1CFD8A3700030D5C /* PacktagTests */ = {
			isa = PBXGroup;
			children = (
				B55688601CFD8A3700030D5C /* PacktagTests.swift */,
				B55688621CFD8A3700030D5C /* Info.plist */,
			);
			path = PacktagTests;
			sourceTree = "<group>";
		};
		B556886A1CFD8A3700030D5C /* PacktagUITests */ = {
			isa = PBXGroup;
			children = (
				B556886B1CFD8A3700030D5C /* PacktagUITests.swift */,
				B556886D1CFD8A3700030D5C /* Info.plist */,
			);
			path = PacktagUITests;
			sourceTree = "<group>";
		};
/* End PBXGroup section */

/* Begin PBXNativeTarget section */
		B55688471CFD8A3700030D5C /* Packtag */ = {
			isa = PBXNativeTarget;
			buildConfigurationList = B55688701CFD8A3700030D5C /* Build configuration list for PBXNativeTarget "Packtag" */;
			buildPhases = (
				53988DE71D0A9AA5D7B4C90B /* 📦 Check Pods Manifest.lock */,
				B55688441CFD8A3700030D5C /* Sources */,
				B55688451CFD8A3700030D5C /* Frameworks */,
				B55688461CFD8A3700030D5C /* Resources */,
				6DC2B4112692B6BE49086282 /* 📦 Embed Pods Frameworks */,
				30D829A93A9FA4CF5FF7E6E9 /* 📦 Copy Pods Resources */,
			);
			buildRules = (
			);
			dependencies = (
			);
			name = Packtag;
			productName = Packtag;
			productReference = B55688481CFD8A3700030D5C /* Packtag.app */;
			productType = "com.apple.product-type.application";
		};
		B556885B1CFD8A3700030D5C /* PacktagTests */ = {
			isa = PBXNativeTarget;
			buildConfigurationList = B55688731CFD8A3700030D5C /* Build configuration list for PBXNativeTarget "PacktagTests" */;
			buildPhases = (
				B55688581CFD8A3700030D5C /* Sources */,
				B55688591CFD8A3700030D5C /* Frameworks */,
				B556885A1CFD8A3700030D5C /* Resources */,
			);
			buildRules = (
			);
			dependencies = (
				B556885E1CFD8A3700030D5C /* PBXTargetDependency */,
			);
			name = PacktagTests;
			productName = PacktagTests;
			productReference = B556885C1CFD8A3700030D5C /* PacktagTests.xctest */;
			productType = "com.apple.product-type.bundle.unit-test";
		};
		B55688661CFD8A3700030D5C /* PacktagUITests */ = {
			isa = PBXNativeTarget;
			buildConfigurationList = B55688761CFD8A3700030D5C /* Build configuration list for PBXNativeTarget "PacktagUITests" */;
			buildPhases = (
				B55688631CFD8A3700030D5C /* Sources */,
				B55688641CFD8A3700030D5C /* Frameworks */,
				B55688651CFD8A3700030D5C /* Resources */,
			);
			buildRules = (
			);
			dependencies = (
				B55688691CFD8A3700030D5C /* PBXTargetDependency */,
			);
			name = PacktagUITests;
			productName = PacktagUITests;
			productReference = B55688671CFD8A3700030D5C /* PacktagUITests.xctest */;
			productType = "com.apple.product-type.bundle.ui-testing";
		};
/* End PBXNativeTarget section */

/* Begin PBXProject section */
		B55688401CFD8A3700030D5C /* Project object */ = {
			isa = PBXProject;
			attributes = {
				LastSwiftUpdateCheck = 0730;
				LastUpgradeCheck = 0730;
				ORGANIZATIONNAME = "Emma Immink";
				TargetAttributes = {
					B55688471CFD8A3700030D5C = {
						CreatedOnToolsVersion = 7.3;
					};
					B556885B1CFD8A3700030D5C = {
						CreatedOnToolsVersion = 7.3;
						TestTargetID = B55688471CFD8A3700030D5C;
					};
					B55688661CFD8A3700030D5C = {
						CreatedOnToolsVersion = 7.3;
						TestTargetID = B55688471CFD8A3700030D5C;
					};
				};
			};
			buildConfigurationList = B55688431CFD8A3700030D5C /* Build configuration list for PBXProject "Packtag" */;
			compatibilityVersion = "Xcode 3.2";
			developmentRegion = English;
			hasScannedForEncodings = 0;
			knownRegions = (
				en,
				Base,
			);
			mainGroup = B556883F1CFD8A3700030D5C;
			productRefGroup = B55688491CFD8A3700030D5C /* Products */;
			projectDirPath = "";
			projectRoot = "";
			targets = (
				B55688471CFD8A3700030D5C /* Packtag */,
				B556885B1CFD8A3700030D5C /* PacktagTests */,
				B55688661CFD8A3700030D5C /* PacktagUITests */,
			);
		};
/* End PBXProject section */

/* Begin PBXResourcesBuildPhase section */
		B55688461CFD8A3700030D5C /* Resources */ = {
			isa = PBXResourcesBuildPhase;
			buildActionMask = 2147483647;
			files = (
				B55688561CFD8A3700030D5C /* LaunchScreen.storyboard in Resources */,
				B55688531CFD8A3700030D5C /* Assets.xcassets in Resources */,
				B55688511CFD8A3700030D5C /* Main.storyboard in Resources */,
			);
			runOnlyForDeploymentPostprocessing = 0;
		};
		B556885A1CFD8A3700030D5C /* Resources */ = {
			isa = PBXResourcesBuildPhase;
			buildActionMask = 2147483647;
			files = (
			);
			runOnlyForDeploymentPostprocessing = 0;
		};
		B55688651CFD8A3700030D5C /* Resources */ = {
			isa = PBXResourcesBuildPhase;
			buildActionMask = 2147483647;
			files = (
			);
			runOnlyForDeploymentPostprocessing = 0;
		};
/* End PBXResourcesBuildPhase section */

/* Begin PBXShellScriptBuildPhase section */
		30D829A93A9FA4CF5FF7E6E9 /* 📦 Copy Pods Resources */ = {
			isa = PBXShellScriptBuildPhase;
			buildActionMask = 2147483647;
			files = (
			);
			inputPaths = (
			);
			name = "📦 Copy Pods Resources";
			outputPaths = (
			);
			runOnlyForDeploymentPostprocessing = 0;
			shellPath = /bin/sh;
			shellScript = "\"${SRCROOT}/Pods/Target Support Files/Pods-Packtag/Pods-Packtag-resources.sh\"\n";
			showEnvVarsInLog = 0;
		};
		53988DE71D0A9AA5D7B4C90B /* 📦 Check Pods Manifest.lock */ = {
			isa = PBXShellScriptBuildPhase;
			buildActionMask = 2147483647;
			files = (
			);
			inputPaths = (
			);
			name = "📦 Check Pods Manifest.lock";
			outputPaths = (
			);
			runOnlyForDeploymentPostprocessing = 0;
			shellPath = /bin/sh;
			shellScript = "diff \"${PODS_ROOT}/../Podfile.lock\" \"${PODS_ROOT}/Manifest.lock\" > /dev/null\nif [[ $? != 0 ]] ; then\n    cat << EOM\nerror: The sandbox is not in sync with the Podfile.lock. Run 'pod install' or update your CocoaPods installation.\nEOM\n    exit 1\nfi\n";
			showEnvVarsInLog = 0;
		};
		6DC2B4112692B6BE49086282 /* 📦 Embed Pods Frameworks */ = {
			isa = PBXShellScriptBuildPhase;
			buildActionMask = 2147483647;
			files = (
			);
			inputPaths = (
			);
			name = "📦 Embed Pods Frameworks";
			outputPaths = (
			);
			runOnlyForDeploymentPostprocessing = 0;
			shellPath = /bin/sh;
			shellScript = "\"${SRCROOT}/Pods/Target Support Files/Pods-Packtag/Pods-Packtag-frameworks.sh\"\n";
			showEnvVarsInLog = 0;
		};
/* End PBXShellScriptBuildPhase section */

/* Begin PBXSourcesBuildPhase section */
		B55688441CFD8A3700030D5C /* Sources */ = {
			isa = PBXSourcesBuildPhase;
			buildActionMask = 2147483647;
			files = (
				B556884E1CFD8A3700030D5C /* ViewController.swift in Sources */,
				B556884C1CFD8A3700030D5C /* AppDelegate.swift in Sources */,
			);
			runOnlyForDeploymentPostprocessing = 0;
		};
		B55688581CFD8A3700030D5C /* Sources */ = {
			isa = PBXSourcesBuildPhase;
			buildActionMask = 2147483647;
			files = (
				B55688611CFD8A3700030D5C /* PacktagTests.swift in Sources */,
			);
			runOnlyForDeploymentPostprocessing = 0;
		};
		B55688631CFD8A3700030D5C /* Sources */ = {
			isa = PBXSourcesBuildPhase;
			buildActionMask = 2147483647;
			files = (
				B556886C1CFD8A3700030D5C /* PacktagUITests.swift in Sources */,
			);
			runOnlyForDeploymentPostprocessing = 0;
		};
/* End PBXSourcesBuildPhase section */

/* Begin PBXTargetDependency section */
		B556885E1CFD8A3700030D5C /* PBXTargetDependency */ = {
			isa = PBXTargetDependency;
			target = B55688471CFD8A3700030D5C /* Packtag */;
			targetProxy = B556885D1CFD8A3700030D5C /* PBXContainerItemProxy */;
		};
		B55688691CFD8A3700030D5C /* PBXTargetDependency */ = {
			isa = PBXTargetDependency;
			target = B55688471CFD8A3700030D5C /* Packtag */;
			targetProxy = B55688681CFD8A3700030D5C /* PBXContainerItemProxy */;
		};
/* End PBXTargetDependency section */

/* Begin PBXVariantGroup section */
		B556884F1CFD8A3700030D5C /* Main.storyboard */ = {
			isa = PBXVariantGroup;
			children = (
				B55688501CFD8A3700030D5C /* Base */,
			);
			name = Main.storyboard;
			sourceTree = "<group>";
		};
		B55688541CFD8A3700030D5C /* LaunchScreen.storyboard */ = {
			isa = PBXVariantGroup;
			children = (
				B55688551CFD8A3700030D5C /* Base */,
			);
			name = LaunchScreen.storyboard;
			sourceTree = "<group>";
		};
/* End PBXVariantGroup section */

/* Begin XCBuildConfiguration section */
		B556886E1CFD8A3700030D5C /* Debug */ = {
			isa = XCBuildConfiguration;
			buildSettings = {
				ALWAYS_SEARCH_USER_PATHS = NO;
				CLANG_ANALYZER_NONNULL = YES;
				CLANG_CXX_LANGUAGE_STANDARD = "gnu++0x";
				CLANG_CXX_LIBRARY = "libc++";
				CLANG_ENABLE_MODULES = YES;
				CLANG_ENABLE_OBJC_ARC = YES;
				CLANG_WARN_BOOL_CONVERSION = YES;
				CLANG_WARN_CONSTANT_CONVERSION = YES;
				CLANG_WARN_DIRECT_OBJC_ISA_USAGE = YES_ERROR;
				CLANG_WARN_EMPTY_BODY = YES;
				CLANG_WARN_ENUM_CONVERSION = YES;
				CLANG_WARN_INT_CONVERSION = YES;
				CLANG_WARN_OBJC_ROOT_CLASS = YES_ERROR;
				CLANG_WARN_UNREACHABLE_CODE = YES;
				CLANG_WARN__DUPLICATE_METHOD_MATCH = YES;
				"CODE_SIGN_IDENTITY[sdk=iphoneos*]" = "iPhone Developer";
				COPY_PHASE_STRIP = NO;
				DEBUG_INFORMATION_FORMAT = dwarf;
				ENABLE_STRICT_OBJC_MSGSEND = YES;
				ENABLE_TESTABILITY = YES;
				GCC_C_LANGUAGE_STANDARD = gnu99;
				GCC_DYNAMIC_NO_PIC = NO;
				GCC_NO_COMMON_BLOCKS = YES;
				GCC_OPTIMIZATION_LEVEL = 0;
				GCC_PREPROCESSOR_DEFINITIONS = (
					"DEBUG=1",
					"$(inherited)",
				);
				GCC_WARN_64_TO_32_BIT_CONVERSION = YES;
				GCC_WARN_ABOUT_RETURN_TYPE = YES_ERROR;
				GCC_WARN_UNDECLARED_SELECTOR = YES;
				GCC_WARN_UNINITIALIZED_AUTOS = YES_AGGRESSIVE;
				GCC_WARN_UNUSED_FUNCTION = YES;
				GCC_WARN_UNUSED_VARIABLE = YES;
				IPHONEOS_DEPLOYMENT_TARGET = 9.3;
				MTL_ENABLE_DEBUG_INFO = YES;
				ONLY_ACTIVE_ARCH = YES;
				SDKROOT = iphoneos;
				SWIFT_OPTIMIZATION_LEVEL = "-Onone";
				TARGETED_DEVICE_FAMILY = "1,2";
			};
			name = Debug;
		};
		B556886F1CFD8A3700030D5C /* Release */ = {
			isa = XCBuildConfiguration;
			buildSettings = {
				ALWAYS_SEARCH_USER_PATHS = NO;
				CLANG_ANALYZER_NONNULL = YES;
				CLANG_CXX_LANGUAGE_STANDARD = "gnu++0x";
				CLANG_CXX_LIBRARY = "libc++";
				CLANG_ENABLE_MODULES = YES;
				CLANG_ENABLE_OBJC_ARC = YES;
				CLANG_WARN_BOOL_CONVERSION = YES;
				CLANG_WARN_CONSTANT_CONVERSION = YES;
				CLANG_WARN_DIRECT_OBJC_ISA_USAGE = YES_ERROR;
				CLANG_WARN_EMPTY_BODY = YES;
				CLANG_WARN_ENUM_CONVERSION = YES;
				CLANG_WARN_INT_CONVERSION = YES;
				CLANG_WARN_OBJC_ROOT_CLASS = YES_ERROR;
				CLANG_WARN_UNREACHABLE_CODE = YES;
				CLANG_WARN__DUPLICATE_METHOD_MATCH = YES;
				"CODE_SIGN_IDENTITY[sdk=iphoneos*]" = "iPhone Developer";
				COPY_PHASE_STRIP = NO;
				DEBUG_INFORMATION_FORMAT = "dwarf-with-dsym";
				ENABLE_NS_ASSERTIONS = NO;
				ENABLE_STRICT_OBJC_MSGSEND = YES;
				GCC_C_LANGUAGE_STANDARD = gnu99;
				GCC_NO_COMMON_BLOCKS = YES;
				GCC_WARN_64_TO_32_BIT_CONVERSION = YES;
				GCC_WARN_ABOUT_RETURN_TYPE = YES_ERROR;
				GCC_WARN_UNDECLARED_SELECTOR = YES;
				GCC_WARN_UNINITIALIZED_AUTOS = YES_AGGRESSIVE;
				GCC_WARN_UNUSED_FUNCTION = YES;
				GCC_WARN_UNUSED_VARIABLE = YES;
				IPHONEOS_DEPLOYMENT_TARGET = 9.3;
				MTL_ENABLE_DEBUG_INFO = NO;
				SDKROOT = iphoneos;
				TARGETED_DEVICE_FAMILY = "1,2";
				VALIDATE_PRODUCT = YES;
			};
			name = Release;
		};
		B55688711CFD8A3700030D5C /* Debug */ = {
			isa = XCBuildConfiguration;
			baseConfigurationReference = 6F19B406920AC3675AB1E477 /* Pods-Packtag.debug.xcconfig */;
			buildSettings = {
				ASSETCATALOG_COMPILER_APPICON_NAME = AppIcon;
				INFOPLIST_FILE = Packtag/Info.plist;
				LD_RUNPATH_SEARCH_PATHS = "$(inherited) @executable_path/Frameworks";
				PRODUCT_BUNDLE_IDENTIFIER = nl.mprog.Packtag;
				PRODUCT_NAME = "$(TARGET_NAME)";
			};
			name = Debug;
		};
		B55688721CFD8A3700030D5C /* Release */ = {
			isa = XCBuildConfiguration;
			baseConfigurationReference = 77B822E95E4D8708C03552ED /* Pods-Packtag.release.xcconfig */;
			buildSettings = {
				ASSETCATALOG_COMPILER_APPICON_NAME = AppIcon;
				INFOPLIST_FILE = Packtag/Info.plist;
				LD_RUNPATH_SEARCH_PATHS = "$(inherited) @executable_path/Frameworks";
				PRODUCT_BUNDLE_IDENTIFIER = nl.mprog.Packtag;
				PRODUCT_NAME = "$(TARGET_NAME)";
			};
			name = Release;
		};
		B55688741CFD8A3700030D5C /* Debug */ = {
			isa = XCBuildConfiguration;
			buildSettings = {
				BUNDLE_LOADER = "$(TEST_HOST)";
				INFOPLIST_FILE = PacktagTests/Info.plist;
				LD_RUNPATH_SEARCH_PATHS = "$(inherited) @executable_path/Frameworks @loader_path/Frameworks";
				PRODUCT_BUNDLE_IDENTIFIER = nl.mprog.PacktagTests;
				PRODUCT_NAME = "$(TARGET_NAME)";
				TEST_HOST = "$(BUILT_PRODUCTS_DIR)/Packtag.app/Packtag";
			};
			name = Debug;
		};
		B55688751CFD8A3700030D5C /* Release */ = {
			isa = XCBuildConfiguration;
			buildSettings = {
				BUNDLE_LOADER = "$(TEST_HOST)";
				INFOPLIST_FILE = PacktagTests/Info.plist;
				LD_RUNPATH_SEARCH_PATHS = "$(inherited) @executable_path/Frameworks @loader_path/Frameworks";
				PRODUCT_BUNDLE_IDENTIFIER = nl.mprog.PacktagTests;
				PRODUCT_NAME = "$(TARGET_NAME)";
				TEST_HOST = "$(BUILT_PRODUCTS_DIR)/Packtag.app/Packtag";
			};
			name = Release;
		};
		B55688771CFD8A3700030D5C /* Debug */ = {
			isa = XCBuildConfiguration;
			buildSettings = {
				INFOPLIST_FILE = PacktagUITests/Info.plist;
				LD_RUNPATH_SEARCH_PATHS = "$(inherited) @executable_path/Frameworks @loader_path/Frameworks";
				PRODUCT_BUNDLE_IDENTIFIER = nl.mprog.PacktagUITests;
				PRODUCT_NAME = "$(TARGET_NAME)";
				TEST_TARGET_NAME = Packtag;
			};
			name = Debug;
		};
		B55688781CFD8A3700030D5C /* Release */ = {
			isa = XCBuildConfiguration;
			buildSettings = {
				INFOPLIST_FILE = PacktagUITests/Info.plist;
				LD_RUNPATH_SEARCH_PATHS = "$(inherited) @executable_path/Frameworks @loader_path/Frameworks";
				PRODUCT_BUNDLE_IDENTIFIER = nl.mprog.PacktagUITests;
				PRODUCT_NAME = "$(TARGET_NAME)";
				TEST_TARGET_NAME = Packtag;
			};
			name = Release;
		};
/* End XCBuildConfiguration section */

/* Begin XCConfigurationList section */
		B55688431CFD8A3700030D5C /* Build configuration list for PBXProject "Packtag" */ = {
			isa = XCConfigurationList;
			buildConfigurations = (
				B556886E1CFD8A3700030D5C /* Debug */,
				B556886F1CFD8A3700030D5C /* Release */,
			);
			defaultConfigurationIsVisible = 0;
			defaultConfigurationName = Release;
		};
		B55688701CFD8A3700030D5C /* Build configuration list for PBXNativeTarget "Packtag" */ = {
			isa = XCConfigurationList;
			buildConfigurations = (
				B55688711CFD8A3700030D5C /* Debug */,
				B55688721CFD8A3700030D5C /* Release */,
			);
			defaultConfigurationIsVisible = 0;
			defaultConfigurationName = Release;
		};
		B55688731CFD8A3700030D5C /* Build configuration list for PBXNativeTarget "PacktagTests" */ = {
			isa = XCConfigurationList;
			buildConfigurations = (
				B55688741CFD8A3700030D5C /* Debug */,
				B55688751CFD8A3700030D5C /* Release */,
			);
			defaultConfigurationIsVisible = 0;
			defaultConfigurationName = Release;
		};
		B55688761CFD8A3700030D5C /* Build configuration list for PBXNativeTarget "PacktagUITests" */ = {
			isa = XCConfigurationList;
			buildConfigurations = (
				B55688771CFD8A3700030D5C /* Debug */,
				B55688781CFD8A3700030D5C /* Release */,
			);
			defaultConfigurationIsVisible = 0;
			defaultConfigurationName = Release;
		};
/* End XCConfigurationList section */
	};
	rootObject = B55688401CFD8A3700030D5C /* Project object */;
}
